
Microsoft Visual Studio Solution File, Format Version 12.00
# Visual Studio Version 16
VisualStudioVersion = 16.0.30907.101
MinimumVisualStudioVersion = 10.0.40219.1
Project("{9A19103F-16F7-4668-BE54-9A1E7A4F7556}") = "FoundersPC.API", "src\API\FoundersPC.API\FoundersPC.API.csproj", "{331EF307-7795-4703-8595-A5FD4D398918}"
EndProject
Project("{9A19103F-16F7-4668-BE54-9A1E7A4F7556}") = "FoundersPC.Services", "src\API\FoundersPC.Core\FoundersPC.Services.csproj", "{472E8FF2-9955-4FAD-8608-5CA1DC4623C5}"
EndProject
Project("{9A19103F-16F7-4668-BE54-9A1E7A4F7556}") = "FoundersPC.Tests", "FoundersPC.Tests\FoundersPC.Tests.csproj", "{E8B5CED4-17FC-4E62-B602-A42CBD8DD31C}"
EndProject
Project("{2150E333-8FDC-42A3-9474-1A3956D46DE8}") = "src", "src", "{17711875-2F1D-4E1D-BF00-9C86DC8EC867}"
EndProject
Project("{9A19103F-16F7-4668-BE54-9A1E7A4F7556}") = "FoundersPC.Infrastructure.API", "src\API\FoundersPC.Infrastructure.API\FoundersPC.Infrastructure.API.csproj", "{726FC74B-E8A3-4F3D-A55A-313DBE0293AC}"
EndProject
Project("{9A19103F-16F7-4668-BE54-9A1E7A4F7556}") = "FoundersPC.Application", "src\API\FoundersPC.Application\FoundersPC.Application.csproj", "{75179DEA-884F-4B01-B270-3F1F8FDB787A}"
EndProject
Project("{9A19103F-16F7-4668-BE54-9A1E7A4F7556}") = "FoundersPC.Domain", "src\API\FoundersPC.Domain\FoundersPC.Domain.csproj", "{42797116-2EAE-471F-A9F9-76F0FCDAD8E9}"
EndProject
Project("{9A19103F-16F7-4668-BE54-9A1E7A4F7556}") = "FoundersPC.AdminPanelApp", "src\AdminPanel\FoundersPC.AdminPanelApp\FoundersPC.AdminPanelApp.csproj", "{47F89C21-367C-4FCD-A392-058BC5912BEF}"
EndProject
Project("{2150E333-8FDC-42A3-9474-1A3956D46DE8}") = "API", "API", "{E3552988-C878-458B-98E1-DF5FF73EBD7F}"
EndProject
Project("{2150E333-8FDC-42A3-9474-1A3956D46DE8}") = "AdminPanel", "AdminPanel", "{BB21B858-0A8D-4224-B1FB-B019C48CA3FF}"
EndProject
Project("{2150E333-8FDC-42A3-9474-1A3956D46DE8}") = "Web", "Web", "{230BB8A3-27F7-4FF0-98B2-D5FE3D7587C0}"
EndProject
Project("{9A19103F-16F7-4668-BE54-9A1E7A4F7556}") = "FoundersPC.Web", "src\Web\FoundersPC.Web\FoundersPC.Web.csproj", "{C412260C-27FA-463D-B9A6-6582DE8559DD}"
EndProject
Project("{FAE04EC0-301F-11D3-BF4B-00C04F79EFBC}") = "FoundersPC.Infrastructure.Identity", "src\API\FoundersPC.Infrastructure.Identity\FoundersPC.Infrastructure.Identity.csproj", "{B7B64725-5404-49A8-9C6D-F0867573CBD5}"
EndProject
Global
	GlobalSection(SolutionConfigurationPlatforms) = preSolution
		Debug|Any CPU = Debug|Any CPU
		Release|Any CPU = Release|Any CPU
	EndGlobalSection
	GlobalSection(ProjectConfigurationPlatforms) = postSolution
		{331EF307-7795-4703-8595-A5FD4D398918}.Debug|Any CPU.ActiveCfg = Debug|Any CPU
		{331EF307-7795-4703-8595-A5FD4D398918}.Debug|Any CPU.Build.0 = Debug|Any CPU
		{331EF307-7795-4703-8595-A5FD4D398918}.Release|Any CPU.ActiveCfg = Release|Any CPU
		{331EF307-7795-4703-8595-A5FD4D398918}.Release|Any CPU.Build.0 = Release|Any CPU
		{472E8FF2-9955-4FAD-8608-5CA1DC4623C5}.Debug|Any CPU.ActiveCfg = Debug|Any CPU
		{472E8FF2-9955-4FAD-8608-5CA1DC4623C5}.Debug|Any CPU.Build.0 = Debug|Any CPU
		{472E8FF2-9955-4FAD-8608-5CA1DC4623C5}.Release|Any CPU.ActiveCfg = Release|Any CPU
		{472E8FF2-9955-4FAD-8608-5CA1DC4623C5}.Release|Any CPU.Build.0 = Release|Any CPU
		{E8B5CED4-17FC-4E62-B602-A42CBD8DD31C}.Debug|Any CPU.ActiveCfg = Debug|Any CPU
		{E8B5CED4-17FC-4E62-B602-A42CBD8DD31C}.Debug|Any CPU.Build.0 = Debug|Any CPU
		{E8B5CED4-17FC-4E62-B602-A42CBD8DD31C}.Release|Any CPU.ActiveCfg = Release|Any CPU
		{E8B5CED4-17FC-4E62-B602-A42CBD8DD31C}.Release|Any CPU.Build.0 = Release|Any CPU
		{726FC74B-E8A3-4F3D-A55A-313DBE0293AC}.Debug|Any CPU.ActiveCfg = Debug|Any CPU
		{726FC74B-E8A3-4F3D-A55A-313DBE0293AC}.Debug|Any CPU.Build.0 = Debug|Any CPU
		{726FC74B-E8A3-4F3D-A55A-313DBE0293AC}.Release|Any CPU.ActiveCfg = Release|Any CPU
		{726FC74B-E8A3-4F3D-A55A-313DBE0293AC}.Release|Any CPU.Build.0 = Release|Any CPU
		{75179DEA-884F-4B01-B270-3F1F8FDB787A}.Debug|Any CPU.ActiveCfg = Debug|Any CPU
		{75179DEA-884F-4B01-B270-3F1F8FDB787A}.Debug|Any CPU.Build.0 = Debug|Any CPU
		{75179DEA-884F-4B01-B270-3F1F8FDB787A}.Release|Any CPU.ActiveCfg = Release|Any CPU
		{75179DEA-884F-4B01-B270-3F1F8FDB787A}.Release|Any CPU.Build.0 = Release|Any CPU
		{42797116-2EAE-471F-A9F9-76F0FCDAD8E9}.Debug|Any CPU.ActiveCfg = Debug|Any CPU
		{42797116-2EAE-471F-A9F9-76F0FCDAD8E9}.Debug|Any CPU.Build.0 = Debug|Any CPU
		{42797116-2EAE-471F-A9F9-76F0FCDAD8E9}.Release|Any CPU.ActiveCfg = Release|Any CPU
		{42797116-2EAE-471F-A9F9-76F0FCDAD8E9}.Release|Any CPU.Build.0 = Release|Any CPU
		{47F89C21-367C-4FCD-A392-058BC5912BEF}.Debug|Any CPU.ActiveCfg = Debug|Any CPU
		{47F89C21-367C-4FCD-A392-058BC5912BEF}.Debug|Any CPU.Build.0 = Debug|Any CPU
		{47F89C21-367C-4FCD-A392-058BC5912BEF}.Release|Any CPU.ActiveCfg = Release|Any CPU
		{47F89C21-367C-4FCD-A392-058BC5912BEF}.Release|Any CPU.Build.0 = Release|Any CPU
		{C412260C-27FA-463D-B9A6-6582DE8559DD}.Debug|Any CPU.ActiveCfg = Debug|Any CPU
		{C412260C-27FA-463D-B9A6-6582DE8559DD}.Debug|Any CPU.Build.0 = Debug|Any CPU
		{C412260C-27FA-463D-B9A6-6582DE8559DD}.Release|Any CPU.ActiveCfg = Release|Any CPU
		{C412260C-27FA-463D-B9A6-6582DE8559DD}.Release|Any CPU.Build.0 = Release|Any CPU
		{B7B64725-5404-49A8-9C6D-F0867573CBD5}.Debug|Any CPU.ActiveCfg = Debug|Any CPU
		{B7B64725-5404-49A8-9C6D-F0867573CBD5}.Debug|Any CPU.Build.0 = Debug|Any CPU
		{B7B64725-5404-49A8-9C6D-F0867573CBD5}.Release|Any CPU.ActiveCfg = Release|Any CPU
		{B7B64725-5404-49A8-9C6D-F0867573CBD5}.Release|Any CPU.Build.0 = Release|Any CPU
	EndGlobalSection
	GlobalSection(SolutionProperties) = preSolution
		HideSolutionNode = FALSE
	EndGlobalSection
	GlobalSection(NestedProjects) = preSolution
		{331EF307-7795-4703-8595-A5FD4D398918} = {E3552988-C878-458B-98E1-DF5FF73EBD7F}
		{472E8FF2-9955-4FAD-8608-5CA1DC4623C5} = {E3552988-C878-458B-98E1-DF5FF73EBD7F}
		{726FC74B-E8A3-4F3D-A55A-313DBE0293AC} = {E3552988-C878-458B-98E1-DF5FF73EBD7F}
		{75179DEA-884F-4B01-B270-3F1F8FDB787A} = {E3552988-C878-458B-98E1-DF5FF73EBD7F}
		{42797116-2EAE-471F-A9F9-76F0FCDAD8E9} = {E3552988-C878-458B-98E1-DF5FF73EBD7F}
		{47F89C21-367C-4FCD-A392-058BC5912BEF} = {BB21B858-0A8D-4224-B1FB-B019C48CA3FF}
		{E3552988-C878-458B-98E1-DF5FF73EBD7F} = {17711875-2F1D-4E1D-BF00-9C86DC8EC867}
		{BB21B858-0A8D-4224-B1FB-B019C48CA3FF} = {17711875-2F1D-4E1D-BF00-9C86DC8EC867}
		{230BB8A3-27F7-4FF0-98B2-D5FE3D7587C0} = {17711875-2F1D-4E1D-BF00-9C86DC8EC867}
		{C412260C-27FA-463D-B9A6-6582DE8559DD} = {230BB8A3-27F7-4FF0-98B2-D5FE3D7587C0}
		{B7B64725-5404-49A8-9C6D-F0867573CBD5} = {E3552988-C878-458B-98E1-DF5FF73EBD7F}
	EndGlobalSection
	GlobalSection(ExtensibilityGlobals) = postSolution
		SolutionGuid = {075268B3-89DC-4091-B71B-68483288E0A8}
	EndGlobalSection
EndGlobal
