
Microsoft Visual Studio Solution File, Format Version 12.00
# Visual Studio Version 16
VisualStudioVersion = 16.0.30907.101
MinimumVisualStudioVersion = 10.0.40219.1
Project("{9A19103F-16F7-4668-BE54-9A1E7A4F7556}") = "FoundersPC.API", "src\API\FoundersPC.API\FoundersPC.API.csproj", "{331EF307-7795-4703-8595-A5FD4D398918}"
EndProject
Project("{9A19103F-16F7-4668-BE54-9A1E7A4F7556}") = "FoundersPC.API.Services", "src\API\FoundersPC.API.Services\FoundersPC.API.Services.csproj", "{472E8FF2-9955-4FAD-8608-5CA1DC4623C5}"
EndProject
Project("{9A19103F-16F7-4668-BE54-9A1E7A4F7556}") = "FoundersPC.Tests", "FoundersPC.Tests\FoundersPC.Tests.csproj", "{E8B5CED4-17FC-4E62-B602-A42CBD8DD31C}"
EndProject
Project("{2150E333-8FDC-42A3-9474-1A3956D46DE8}") = "src", "src", "{17711875-2F1D-4E1D-BF00-9C86DC8EC867}"
EndProject
Project("{9A19103F-16F7-4668-BE54-9A1E7A4F7556}") = "FoundersPC.API.Infrastructure", "src\API\FoundersPC.API.Infrastructure\FoundersPC.API.Infrastructure.csproj", "{726FC74B-E8A3-4F3D-A55A-313DBE0293AC}"
EndProject
Project("{9A19103F-16F7-4668-BE54-9A1E7A4F7556}") = "FoundersPC.API.Application", "src\API\FoundersPC.API.Application\FoundersPC.API.Application.csproj", "{75179DEA-884F-4B01-B270-3F1F8FDB787A}"
EndProject
Project("{9A19103F-16F7-4668-BE54-9A1E7A4F7556}") = "FoundersPC.API.Domain", "src\API\FoundersPC.API.Domain\FoundersPC.API.Domain.csproj", "{42797116-2EAE-471F-A9F9-76F0FCDAD8E9}"
EndProject
Project("{2150E333-8FDC-42A3-9474-1A3956D46DE8}") = "API", "API", "{E3552988-C878-458B-98E1-DF5FF73EBD7F}"
EndProject
Project("{2150E333-8FDC-42A3-9474-1A3956D46DE8}") = "Web", "Web", "{230BB8A3-27F7-4FF0-98B2-D5FE3D7587C0}"
EndProject
Project("{9A19103F-16F7-4668-BE54-9A1E7A4F7556}") = "FoundersPC.Web", "src\Web\FoundersPC.Web\FoundersPC.Web.csproj", "{C412260C-27FA-463D-B9A6-6582DE8559DD}"
EndProject
Project("{2150E333-8FDC-42A3-9474-1A3956D46DE8}") = "ApplicationShared", "ApplicationShared", "{07572D40-804A-4325-848D-F8918A708396}"
EndProject
Project("{9A19103F-16F7-4668-BE54-9A1E7A4F7556}") = "FoundersPC.ApplicationShared", "src\ApplicationShared\FoundersPC.ApplicationShared\FoundersPC.ApplicationShared.csproj", "{87459B32-9AB3-4434-954A-0EF296ECF84C}"
EndProject
Project("{2150E333-8FDC-42A3-9474-1A3956D46DE8}") = "IdentityServer", "IdentityServer", "{764A5124-242E-4488-8D25-105C09FB2D31}"
EndProject
Project("{FAE04EC0-301F-11D3-BF4B-00C04F79EFBC}") = "FoundersPC.IdentityServer", "src\Identity\FoundersPC.IdentityServer\FoundersPC.IdentityServer.csproj", "{FB259913-F258-4ABE-88DA-A1C5855346C2}"
EndProject
Project("{FAE04EC0-301F-11D3-BF4B-00C04F79EFBC}") = "FoundersPC.Identity.Application", "src\Identity\FoundersPC.Identity.Application\FoundersPC.Identity.Application.csproj", "{3B068F63-7421-41C4-94BC-8A1358764A55}"
EndProject
Project("{FAE04EC0-301F-11D3-BF4B-00C04F79EFBC}") = "FoundersPC.Identity.Domain", "src\Identity\FoundersPC.Identity.Domain\FoundersPC.Identity.Domain.csproj", "{3017A8F6-BA08-49E8-BD15-36343DFE93A6}"
EndProject
Project("{FAE04EC0-301F-11D3-BF4B-00C04F79EFBC}") = "FoundersPC.Identity.Infrastructure", "src\Identity\FoundersPC.Identity.Infrastructure\FoundersPC.Identity.Infrastructure.csproj", "{D0246A37-A178-4AE0-A24E-DD2441DFF5C3}"
EndProject
Project("{FAE04EC0-301F-11D3-BF4B-00C04F79EFBC}") = "FoundersPC.Identity.Services", "src\Identity\FoundersPC.Identity.Services\FoundersPC.Identity.Services.csproj", "{40AF6242-605B-42C9-B13C-E4D8BFCDD498}"
EndProject
Global
	GlobalSection(SolutionConfigurationPlatforms) = preSolution
		Debug|Any CPU = Debug|Any CPU
		Release|Any CPU = Release|Any CPU
	EndGlobalSection
	GlobalSection(ProjectConfigurationPlatforms) = postSolution
		{331EF307-7795-4703-8595-A5FD4D398918}.Debug|Any CPU.ActiveCfg = Debug|Any CPU
		{331EF307-7795-4703-8595-A5FD4D398918}.Debug|Any CPU.Build.0 = Debug|Any CPU
		{331EF307-7795-4703-8595-A5FD4D398918}.Release|Any CPU.ActiveCfg = Release|Any CPU
		{331EF307-7795-4703-8595-A5FD4D398918}.Release|Any CPU.Build.0 = Release|Any CPU
		{472E8FF2-9955-4FAD-8608-5CA1DC4623C5}.Debug|Any CPU.ActiveCfg = Debug|Any CPU
		{472E8FF2-9955-4FAD-8608-5CA1DC4623C5}.Debug|Any CPU.Build.0 = Debug|Any CPU
		{472E8FF2-9955-4FAD-8608-5CA1DC4623C5}.Release|Any CPU.ActiveCfg = Release|Any CPU
		{472E8FF2-9955-4FAD-8608-5CA1DC4623C5}.Release|Any CPU.Build.0 = Release|Any CPU
		{E8B5CED4-17FC-4E62-B602-A42CBD8DD31C}.Debug|Any CPU.ActiveCfg = Debug|Any CPU
		{E8B5CED4-17FC-4E62-B602-A42CBD8DD31C}.Debug|Any CPU.Build.0 = Debug|Any CPU
		{E8B5CED4-17FC-4E62-B602-A42CBD8DD31C}.Release|Any CPU.ActiveCfg = Release|Any CPU
		{E8B5CED4-17FC-4E62-B602-A42CBD8DD31C}.Release|Any CPU.Build.0 = Release|Any CPU
		{726FC74B-E8A3-4F3D-A55A-313DBE0293AC}.Debug|Any CPU.ActiveCfg = Debug|Any CPU
		{726FC74B-E8A3-4F3D-A55A-313DBE0293AC}.Debug|Any CPU.Build.0 = Debug|Any CPU
		{726FC74B-E8A3-4F3D-A55A-313DBE0293AC}.Release|Any CPU.ActiveCfg = Release|Any CPU
		{726FC74B-E8A3-4F3D-A55A-313DBE0293AC}.Release|Any CPU.Build.0 = Release|Any CPU
		{75179DEA-884F-4B01-B270-3F1F8FDB787A}.Debug|Any CPU.ActiveCfg = Debug|Any CPU
		{75179DEA-884F-4B01-B270-3F1F8FDB787A}.Debug|Any CPU.Build.0 = Debug|Any CPU
		{75179DEA-884F-4B01-B270-3F1F8FDB787A}.Release|Any CPU.ActiveCfg = Release|Any CPU
		{75179DEA-884F-4B01-B270-3F1F8FDB787A}.Release|Any CPU.Build.0 = Release|Any CPU
		{42797116-2EAE-471F-A9F9-76F0FCDAD8E9}.Debug|Any CPU.ActiveCfg = Debug|Any CPU
		{42797116-2EAE-471F-A9F9-76F0FCDAD8E9}.Debug|Any CPU.Build.0 = Debug|Any CPU
		{42797116-2EAE-471F-A9F9-76F0FCDAD8E9}.Release|Any CPU.ActiveCfg = Release|Any CPU
		{42797116-2EAE-471F-A9F9-76F0FCDAD8E9}.Release|Any CPU.Build.0 = Release|Any CPU
		{C412260C-27FA-463D-B9A6-6582DE8559DD}.Debug|Any CPU.ActiveCfg = Debug|Any CPU
		{C412260C-27FA-463D-B9A6-6582DE8559DD}.Debug|Any CPU.Build.0 = Debug|Any CPU
		{C412260C-27FA-463D-B9A6-6582DE8559DD}.Release|Any CPU.ActiveCfg = Release|Any CPU
		{C412260C-27FA-463D-B9A6-6582DE8559DD}.Release|Any CPU.Build.0 = Release|Any CPU
		{B7B64725-5404-49A8-9C6D-F0867573CBD5}.Debug|Any CPU.ActiveCfg = Debug|Any CPU
		{B7B64725-5404-49A8-9C6D-F0867573CBD5}.Debug|Any CPU.Build.0 = Debug|Any CPU
		{B7B64725-5404-49A8-9C6D-F0867573CBD5}.Release|Any CPU.ActiveCfg = Release|Any CPU
		{B7B64725-5404-49A8-9C6D-F0867573CBD5}.Release|Any CPU.Build.0 = Release|Any CPU
		{87459B32-9AB3-4434-954A-0EF296ECF84C}.Debug|Any CPU.ActiveCfg = Debug|Any CPU
		{87459B32-9AB3-4434-954A-0EF296ECF84C}.Debug|Any CPU.Build.0 = Debug|Any CPU
		{87459B32-9AB3-4434-954A-0EF296ECF84C}.Release|Any CPU.ActiveCfg = Release|Any CPU
		{87459B32-9AB3-4434-954A-0EF296ECF84C}.Release|Any CPU.Build.0 = Release|Any CPU
		{FB259913-F258-4ABE-88DA-A1C5855346C2}.Debug|Any CPU.ActiveCfg = Debug|Any CPU
		{FB259913-F258-4ABE-88DA-A1C5855346C2}.Debug|Any CPU.Build.0 = Debug|Any CPU
		{FB259913-F258-4ABE-88DA-A1C5855346C2}.Release|Any CPU.ActiveCfg = Release|Any CPU
		{FB259913-F258-4ABE-88DA-A1C5855346C2}.Release|Any CPU.Build.0 = Release|Any CPU
		{3B068F63-7421-41C4-94BC-8A1358764A55}.Debug|Any CPU.ActiveCfg = Debug|Any CPU
		{3B068F63-7421-41C4-94BC-8A1358764A55}.Debug|Any CPU.Build.0 = Debug|Any CPU
		{3B068F63-7421-41C4-94BC-8A1358764A55}.Release|Any CPU.ActiveCfg = Release|Any CPU
		{3B068F63-7421-41C4-94BC-8A1358764A55}.Release|Any CPU.Build.0 = Release|Any CPU
		{3017A8F6-BA08-49E8-BD15-36343DFE93A6}.Debug|Any CPU.ActiveCfg = Debug|Any CPU
		{3017A8F6-BA08-49E8-BD15-36343DFE93A6}.Debug|Any CPU.Build.0 = Debug|Any CPU
		{3017A8F6-BA08-49E8-BD15-36343DFE93A6}.Release|Any CPU.ActiveCfg = Release|Any CPU
		{3017A8F6-BA08-49E8-BD15-36343DFE93A6}.Release|Any CPU.Build.0 = Release|Any CPU
		{D0246A37-A178-4AE0-A24E-DD2441DFF5C3}.Debug|Any CPU.ActiveCfg = Debug|Any CPU
		{D0246A37-A178-4AE0-A24E-DD2441DFF5C3}.Debug|Any CPU.Build.0 = Debug|Any CPU
		{D0246A37-A178-4AE0-A24E-DD2441DFF5C3}.Release|Any CPU.ActiveCfg = Release|Any CPU
		{D0246A37-A178-4AE0-A24E-DD2441DFF5C3}.Release|Any CPU.Build.0 = Release|Any CPU
		{40AF6242-605B-42C9-B13C-E4D8BFCDD498}.Debug|Any CPU.ActiveCfg = Debug|Any CPU
		{40AF6242-605B-42C9-B13C-E4D8BFCDD498}.Debug|Any CPU.Build.0 = Debug|Any CPU
		{40AF6242-605B-42C9-B13C-E4D8BFCDD498}.Release|Any CPU.ActiveCfg = Release|Any CPU
		{40AF6242-605B-42C9-B13C-E4D8BFCDD498}.Release|Any CPU.Build.0 = Release|Any CPU
	EndGlobalSection
	GlobalSection(SolutionProperties) = preSolution
		HideSolutionNode = FALSE
	EndGlobalSection
	GlobalSection(NestedProjects) = preSolution
		{331EF307-7795-4703-8595-A5FD4D398918} = {E3552988-C878-458B-98E1-DF5FF73EBD7F}
		{472E8FF2-9955-4FAD-8608-5CA1DC4623C5} = {E3552988-C878-458B-98E1-DF5FF73EBD7F}
		{726FC74B-E8A3-4F3D-A55A-313DBE0293AC} = {E3552988-C878-458B-98E1-DF5FF73EBD7F}
		{75179DEA-884F-4B01-B270-3F1F8FDB787A} = {E3552988-C878-458B-98E1-DF5FF73EBD7F}
		{42797116-2EAE-471F-A9F9-76F0FCDAD8E9} = {E3552988-C878-458B-98E1-DF5FF73EBD7F}
		{E3552988-C878-458B-98E1-DF5FF73EBD7F} = {17711875-2F1D-4E1D-BF00-9C86DC8EC867}
		{230BB8A3-27F7-4FF0-98B2-D5FE3D7587C0} = {17711875-2F1D-4E1D-BF00-9C86DC8EC867}
		{C412260C-27FA-463D-B9A6-6582DE8559DD} = {230BB8A3-27F7-4FF0-98B2-D5FE3D7587C0}
		{B7B64725-5404-49A8-9C6D-F0867573CBD5} = {230BB8A3-27F7-4FF0-98B2-D5FE3D7587C0}
		{07572D40-804A-4325-848D-F8918A708396} = {17711875-2F1D-4E1D-BF00-9C86DC8EC867}
		{87459B32-9AB3-4434-954A-0EF296ECF84C} = {07572D40-804A-4325-848D-F8918A708396}
		{764A5124-242E-4488-8D25-105C09FB2D31} = {17711875-2F1D-4E1D-BF00-9C86DC8EC867}
		{FB259913-F258-4ABE-88DA-A1C5855346C2} = {764A5124-242E-4488-8D25-105C09FB2D31}
		{3B068F63-7421-41C4-94BC-8A1358764A55} = {764A5124-242E-4488-8D25-105C09FB2D31}
		{3017A8F6-BA08-49E8-BD15-36343DFE93A6} = {764A5124-242E-4488-8D25-105C09FB2D31}
		{D0246A37-A178-4AE0-A24E-DD2441DFF5C3} = {764A5124-242E-4488-8D25-105C09FB2D31}
		{40AF6242-605B-42C9-B13C-E4D8BFCDD498} = {764A5124-242E-4488-8D25-105C09FB2D31}
	EndGlobalSection
	GlobalSection(ExtensibilityGlobals) = postSolution
		SolutionGuid = {075268B3-89DC-4091-B71B-68483288E0A8}
	EndGlobalSection
EndGlobal
